
Microsoft Visual Studio Solution File, Format Version 12.00
# Visual Studio Version 17
VisualStudioVersion = 17.0.32126.317
MinimumVisualStudioVersion = 10.0.40219.1
Project("{8BC9CEB8-8B4A-11D0-8D11-00A0C91BC942}") = "task1", "task1\task1.vcxproj", "{36A6565B-A311-490D-B22E-B29347854D77}"
EndProject
Project("{8BC9CEB8-8B4A-11D0-8D11-00A0C91BC942}") = "task2", "task2\task2.vcxproj", "{41BCDC00-E668-4688-92C1-E5F7AFF60AE3}"
EndProject
Project("{8BC9CEB8-8B4A-11D0-8D11-00A0C91BC942}") = "task3", "task3\task3.vcxproj", "{67EFA83D-2C9C-4B2E-B416-01823762130C}"
EndProject
Project("{8BC9CEB8-8B4A-11D0-8D11-00A0C91BC942}") = "task4", "task4\task4.vcxproj", "{35322191-9D76-47F1-B2B9-B5EFF107DEF7}"
EndProject
Project("{8BC9CEB8-8B4A-11D0-8D11-00A0C91BC942}") = "task5", "task5\task5.vcxproj", "{EAE952CC-E552-4754-9877-A81B5D37E0AF}"
EndProject
Global
	GlobalSection(SolutionConfigurationPlatforms) = preSolution
		Debug|x64 = Debug|x64
		Debug|x86 = Debug|x86
		Release|x64 = Release|x64
		Release|x86 = Release|x86
	EndGlobalSection
	GlobalSection(ProjectConfigurationPlatforms) = postSolution
		{36A6565B-A311-490D-B22E-B29347854D77}.Debug|x64.ActiveCfg = Debug|x64
		{36A6565B-A311-490D-B22E-B29347854D77}.Debug|x64.Build.0 = Debug|x64
		{36A6565B-A311-490D-B22E-B29347854D77}.Debug|x86.ActiveCfg = Debug|Win32
		{36A6565B-A311-490D-B22E-B29347854D77}.Debug|x86.Build.0 = Debug|Win32
		{36A6565B-A311-490D-B22E-B29347854D77}.Release|x64.ActiveCfg = Release|x64
		{36A6565B-A311-490D-B22E-B29347854D77}.Release|x64.Build.0 = Release|x64
		{36A6565B-A311-490D-B22E-B29347854D77}.Release|x86.ActiveCfg = Release|Win32
		{36A6565B-A311-490D-B22E-B29347854D77}.Release|x86.Build.0 = Release|Win32
		{41BCDC00-E668-4688-92C1-E5F7AFF60AE3}.Debug|x64.ActiveCfg = Debug|x64
		{41BCDC00-E668-4688-92C1-E5F7AFF60AE3}.Debug|x64.Build.0 = Debug|x64
		{41BCDC00-E668-4688-92C1-E5F7AFF60AE3}.Debug|x86.ActiveCfg = Debug|Win32
		{41BCDC00-E668-4688-92C1-E5F7AFF60AE3}.Debug|x86.Build.0 = Debug|Win32
		{41BCDC00-E668-4688-92C1-E5F7AFF60AE3}.Release|x64.ActiveCfg = Release|x64
		{41BCDC00-E668-4688-92C1-E5F7AFF60AE3}.Release|x64.Build.0 = Release|x64
		{41BCDC00-E668-4688-92C1-E5F7AFF60AE3}.Release|x86.ActiveCfg = Release|Win32
		{41BCDC00-E668-4688-92C1-E5F7AFF60AE3}.Release|x86.Build.0 = Release|Win32
		{67EFA83D-2C9C-4B2E-B416-01823762130C}.Debug|x64.ActiveCfg = Debug|x64
		{67EFA83D-2C9C-4B2E-B416-01823762130C}.Debug|x64.Build.0 = Debug|x64
		{67EFA83D-2C9C-4B2E-B416-01823762130C}.Debug|x86.ActiveCfg = Debug|Win32
		{67EFA83D-2C9C-4B2E-B416-01823762130C}.Debug|x86.Build.0 = Debug|Win32
		{67EFA83D-2C9C-4B2E-B416-01823762130C}.Release|x64.ActiveCfg = Release|x64
		{67EFA83D-2C9C-4B2E-B416-01823762130C}.Release|x64.Build.0 = Release|x64
		{67EFA83D-2C9C-4B2E-B416-01823762130C}.Release|x86.ActiveCfg = Release|Win32
		{67EFA83D-2C9C-4B2E-B416-01823762130C}.Release|x86.Build.0 = Release|Win32
		{35322191-9D76-47F1-B2B9-B5EFF107DEF7}.Debug|x64.ActiveCfg = Debug|x64
		{35322191-9D76-47F1-B2B9-B5EFF107DEF7}.Debug|x64.Build.0 = Debug|x64
		{35322191-9D76-47F1-B2B9-B5EFF107DEF7}.Debug|x86.ActiveCfg = Debug|Win32
		{35322191-9D76-47F1-B2B9-B5EFF107DEF7}.Debug|x86.Build.0 = Debug|Win32
		{35322191-9D76-47F1-B2B9-B5EFF107DEF7}.Release|x64.ActiveCfg = Release|x64
		{35322191-9D76-47F1-B2B9-B5EFF107DEF7}.Release|x64.Build.0 = Release|x64
		{35322191-9D76-47F1-B2B9-B5EFF107DEF7}.Release|x86.ActiveCfg = Release|Win32
		{35322191-9D76-47F1-B2B9-B5EFF107DEF7}.Release|x86.Build.0 = Release|Win32
		{EAE952CC-E552-4754-9877-A81B5D37E0AF}.Debug|x64.ActiveCfg = Debug|x64
		{EAE952CC-E552-4754-9877-A81B5D37E0AF}.Debug|x64.Build.0 = Debug|x64
		{EAE952CC-E552-4754-9877-A81B5D37E0AF}.Debug|x86.ActiveCfg = Debug|Win32
		{EAE952CC-E552-4754-9877-A81B5D37E0AF}.Debug|x86.Build.0 = Debug|Win32
		{EAE952CC-E552-4754-9877-A81B5D37E0AF}.Release|x64.ActiveCfg = Release|x64
		{EAE952CC-E552-4754-9877-A81B5D37E0AF}.Release|x64.Build.0 = Release|x64
		{EAE952CC-E552-4754-9877-A81B5D37E0AF}.Release|x86.ActiveCfg = Release|Win32
		{EAE952CC-E552-4754-9877-A81B5D37E0AF}.Release|x86.Build.0 = Release|Win32
	EndGlobalSection
	GlobalSection(SolutionProperties) = preSolution
		HideSolutionNode = FALSE
	EndGlobalSection
	GlobalSection(ExtensibilityGlobals) = postSolution
		SolutionGuid = {A593FBC5-942E-44AD-83D6-D3B3EB0A0ED0}
	EndGlobalSection
EndGlobal
